
Microsoft Visual Studio Solution File, Format Version 12.00
# Visual Studio Version 17
VisualStudioVersion = 17.0.32014.148
MinimumVisualStudioVersion = 10.0.40219.1
Project("{9A19103F-16F7-4668-BE54-9A1E7A4F7556}") = "HHVacancyParser.Console", "HHVacancyParser.Console\HHVacancyParser.Console.csproj", "{E3D36D38-2875-447E-A091-2830A24C85BE}"
EndProject
Project("{9A19103F-16F7-4668-BE54-9A1E7A4F7556}") = "HHVacancyParser.Core", "HHVacancyParser.Core\HHVacancyParser.Core.csproj", "{19C75CB9-592A-45FF-9207-2341E6FF4780}"
EndProject
Global
	GlobalSection(SolutionConfigurationPlatforms) = preSolution
		Debug|Any CPU = Debug|Any CPU
		Release|Any CPU = Release|Any CPU
	EndGlobalSection
	GlobalSection(ProjectConfigurationPlatforms) = postSolution
		{E3D36D38-2875-447E-A091-2830A24C85BE}.Debug|Any CPU.ActiveCfg = Debug|Any CPU
		{E3D36D38-2875-447E-A091-2830A24C85BE}.Debug|Any CPU.Build.0 = Debug|Any CPU
		{E3D36D38-2875-447E-A091-2830A24C85BE}.Release|Any CPU.ActiveCfg = Release|Any CPU
		{E3D36D38-2875-447E-A091-2830A24C85BE}.Release|Any CPU.Build.0 = Release|Any CPU
		{19C75CB9-592A-45FF-9207-2341E6FF4780}.Debug|Any CPU.ActiveCfg = Debug|Any CPU
		{19C75CB9-592A-45FF-9207-2341E6FF4780}.Debug|Any CPU.Build.0 = Debug|Any CPU
		{19C75CB9-592A-45FF-9207-2341E6FF4780}.Release|Any CPU.ActiveCfg = Release|Any CPU
		{19C75CB9-592A-45FF-9207-2341E6FF4780}.Release|Any CPU.Build.0 = Release|Any CPU
	EndGlobalSection
	GlobalSection(SolutionProperties) = preSolution
		HideSolutionNode = FALSE
	EndGlobalSection
	GlobalSection(ExtensibilityGlobals) = postSolution
		SolutionGuid = {69FBDEED-52CD-4696-A7DF-C93222A197ED}
	EndGlobalSection
EndGlobal
